
Microsoft Visual Studio Solution File, Format Version 12.00
# Visual Studio 2013
VisualStudioVersion = 12.0.21005.1
MinimumVisualStudioVersion = 10.0.40219.1
Project("{FAE04EC0-301F-11D3-BF4B-00C04F79EFBC}") = "GUI", "GUI\GUI.csproj", "{6C1369B1-4C24-4479-9C88-4A00953220CC}"
	ProjectSection(ProjectDependencies) = postProject
		{0AFA3103-CE35-44B7-BE7B-2894407F1063} = {0AFA3103-CE35-44B7-BE7B-2894407F1063}
		{A31CD734-D26F-431B-9931-F33E6DE012C5} = {A31CD734-D26F-431B-9931-F33E6DE012C5}
	EndProjectSection
EndProject
Project("{FAE04EC0-301F-11D3-BF4B-00C04F79EFBC}") = "DAL", "DAL\DAL.csproj", "{D6442FB6-A0DF-45B4-9CD7-F990DEFAD3A2}"
	ProjectSection(ProjectDependencies) = postProject
		{A31CD734-D26F-431B-9931-F33E6DE012C5} = {A31CD734-D26F-431B-9931-F33E6DE012C5}
	EndProjectSection
EndProject
Project("{FAE04EC0-301F-11D3-BF4B-00C04F79EFBC}") = "BLL", "BLL\BLL.csproj", "{0AFA3103-CE35-44B7-BE7B-2894407F1063}"
	ProjectSection(ProjectDependencies) = postProject
		{A31CD734-D26F-431B-9931-F33E6DE012C5} = {A31CD734-D26F-431B-9931-F33E6DE012C5}
		{D6442FB6-A0DF-45B4-9CD7-F990DEFAD3A2} = {D6442FB6-A0DF-45B4-9CD7-F990DEFAD3A2}
	EndProjectSection
EndProject
Project("{FAE04EC0-301F-11D3-BF4B-00C04F79EFBC}") = "DTO", "DTO\DTO.csproj", "{A31CD734-D26F-431B-9931-F33E6DE012C5}"
EndProject
Project("{FAE04EC0-301F-11D3-BF4B-00C04F79EFBC}") = "UC", "UC\UC.csproj", "{A0EA2BEE-DE72-453F-9EDA-401CDE289901}"
EndProject
Global
	GlobalSection(SolutionConfigurationPlatforms) = preSolution
		Debug|Any CPU = Debug|Any CPU
		Release|Any CPU = Release|Any CPU
	EndGlobalSection
	GlobalSection(ProjectConfigurationPlatforms) = postSolution
		{6C1369B1-4C24-4479-9C88-4A00953220CC}.Debug|Any CPU.ActiveCfg = Debug|Any CPU
		{6C1369B1-4C24-4479-9C88-4A00953220CC}.Debug|Any CPU.Build.0 = Debug|Any CPU
		{6C1369B1-4C24-4479-9C88-4A00953220CC}.Release|Any CPU.ActiveCfg = Release|Any CPU
		{6C1369B1-4C24-4479-9C88-4A00953220CC}.Release|Any CPU.Build.0 = Release|Any CPU
		{D6442FB6-A0DF-45B4-9CD7-F990DEFAD3A2}.Debug|Any CPU.ActiveCfg = Debug|Any CPU
		{D6442FB6-A0DF-45B4-9CD7-F990DEFAD3A2}.Debug|Any CPU.Build.0 = Debug|Any CPU
		{D6442FB6-A0DF-45B4-9CD7-F990DEFAD3A2}.Release|Any CPU.ActiveCfg = Release|Any CPU
		{D6442FB6-A0DF-45B4-9CD7-F990DEFAD3A2}.Release|Any CPU.Build.0 = Release|Any CPU
		{0AFA3103-CE35-44B7-BE7B-2894407F1063}.Debug|Any CPU.ActiveCfg = Debug|Any CPU
		{0AFA3103-CE35-44B7-BE7B-2894407F1063}.Debug|Any CPU.Build.0 = Debug|Any CPU
		{0AFA3103-CE35-44B7-BE7B-2894407F1063}.Release|Any CPU.ActiveCfg = Release|Any CPU
		{0AFA3103-CE35-44B7-BE7B-2894407F1063}.Release|Any CPU.Build.0 = Release|Any CPU
		{A31CD734-D26F-431B-9931-F33E6DE012C5}.Debug|Any CPU.ActiveCfg = Debug|Any CPU
		{A31CD734-D26F-431B-9931-F33E6DE012C5}.Debug|Any CPU.Build.0 = Debug|Any CPU
		{A31CD734-D26F-431B-9931-F33E6DE012C5}.Release|Any CPU.ActiveCfg = Release|Any CPU
		{A31CD734-D26F-431B-9931-F33E6DE012C5}.Release|Any CPU.Build.0 = Release|Any CPU
		{A0EA2BEE-DE72-453F-9EDA-401CDE289901}.Debug|Any CPU.ActiveCfg = Debug|Any CPU
		{A0EA2BEE-DE72-453F-9EDA-401CDE289901}.Debug|Any CPU.Build.0 = Debug|Any CPU
		{A0EA2BEE-DE72-453F-9EDA-401CDE289901}.Release|Any CPU.ActiveCfg = Release|Any CPU
		{A0EA2BEE-DE72-453F-9EDA-401CDE289901}.Release|Any CPU.Build.0 = Release|Any CPU
	EndGlobalSection
	GlobalSection(SolutionProperties) = preSolution
		HideSolutionNode = FALSE
	EndGlobalSection
EndGlobal
